// !$*UTF8*$!
{
	archiveVersion = 1;
	classes = {
	};
	objectVersion = 46;
	objects = {

/* Begin PBXBuildFile section */
		78684B2D1E49BDD800E626AF /* AppDelegate.swift in Sources */ = {isa = PBXBuildFile; fileRef = 78684B2C1E49BDD800E626AF /* AppDelegate.swift */; };
		78684B2F1E49BDD800E626AF /* ViewController.swift in Sources */ = {isa = PBXBuildFile; fileRef = 78684B2E1E49BDD800E626AF /* ViewController.swift */; };
		78684B321E49BDD800E626AF /* Main.storyboard in Resources */ = {isa = PBXBuildFile; fileRef = 78684B301E49BDD800E626AF /* Main.storyboard */; };
		78684B341E49BDD800E626AF /* Assets.xcassets in Resources */ = {isa = PBXBuildFile; fileRef = 78684B331E49BDD800E626AF /* Assets.xcassets */; };
		78684B371E49BDD800E626AF /* LaunchScreen.storyboard in Resources */ = {isa = PBXBuildFile; fileRef = 78684B351E49BDD800E626AF /* LaunchScreen.storyboard */; };
/* End PBXBuildFile section */

/* Begin PBXFileReference section */
		78684B291E49BDD800E626AF /* ChromaTone.app */ = {isa = PBXFileReference; explicitFileType = wrapper.application; includeInIndex = 0; path = ChromaTone.app; sourceTree = BUILT_PRODUCTS_DIR; };
		78684B2C1E49BDD800E626AF /* AppDelegate.swift */ = {isa = PBXFileReference; lastKnownFileType = sourcecode.swift; path = AppDelegate.swift; sourceTree = "<group>"; };
		78684B2E1E49BDD800E626AF /* ViewController.swift */ = {isa = PBXFileReference; lastKnownFileType = sourcecode.swift; path = ViewController.swift; sourceTree = "<group>"; };
		78684B311E49BDD800E626AF /* Base */ = {isa = PBXFileReference; lastKnownFileType = file.storyboard; name = Base; path = Base.lproj/Main.storyboard; sourceTree = "<group>"; };
		78684B331E49BDD800E626AF /* Assets.xcassets */ = {isa = PBXFileReference; lastKnownFileType = folder.assetcatalog; path = Assets.xcassets; sourceTree = "<group>"; };
		78684B361E49BDD800E626AF /* Base */ = {isa = PBXFileReference; lastKnownFileType = file.storyboard; name = Base; path = Base.lproj/LaunchScreen.storyboard; sourceTree = "<group>"; };
		78684B381E49BDD800E626AF /* Info.plist */ = {isa = PBXFileReference; lastKnownFileType = text.plist.xml; path = Info.plist; sourceTree = "<group>"; };
/* End PBXFileReference section */

/* Begin PBXFrameworksBuildPhase section */
		78684B261E49BDD800E626AF /* Frameworks */ = {
			isa = PBXFrameworksBuildPhase;
			buildActionMask = 2147483647;
			files = (
			);
			runOnlyForDeploymentPostprocessing = 0;
		};
/* End PBXFrameworksBuildPhase section */

/* Begin PBXGroup section */
		78684B201E49BDD800E626AF = {
			isa = PBXGroup;
			children = (
				78684B2B1E49BDD800E626AF /* ChromaTone */,
				78684B2A1E49BDD800E626AF /* Products */,
			);
			sourceTree = "<group>";
		};
		78684B2A1E49BDD800E626AF /* Products */ = {
			isa = PBXGroup;
			children = (
				78684B291E49BDD800E626AF /* ChromaTone.app */,
			);
			name = Products;
			sourceTree = "<group>";
		};
		78684B2B1E49BDD800E626AF /* ChromaTone */ = {
			isa = PBXGroup;
			children = (
				78684B2C1E49BDD800E626AF /* AppDelegate.swift */,
				78684B2E1E49BDD800E626AF /* ViewController.swift */,
				78684B301E49BDD800E626AF /* Main.storyboard */,
				78684B331E49BDD800E626AF /* Assets.xcassets */,
				78684B351E49BDD800E626AF /* LaunchScreen.storyboard */,
				78684B381E49BDD800E626AF /* Info.plist */,
			);
			path = ChromaTone;
			sourceTree = "<group>";
		};
/* End PBXGroup section */

/* Begin PBXNativeTarget section */
		78684B281E49BDD800E626AF /* ChromaTone */ = {
			isa = PBXNativeTarget;
			buildConfigurationList = 78684B3B1E49BDD800E626AF /* Build configuration list for PBXNativeTarget "ChromaTone" */;
			buildPhases = (
				78684B251E49BDD800E626AF /* Sources */,
				78684B261E49BDD800E626AF /* Frameworks */,
				78684B271E49BDD800E626AF /* Resources */,
			);
			buildRules = (
			);
			dependencies = (
			);
			name = ChromaTone;
			productName = ChromaTone;
			productReference = 78684B291E49BDD800E626AF /* ChromaTone.app */;
			productType = "com.apple.product-type.application";
		};
/* End PBXNativeTarget section */

/* Begin PBXProject section */
		78684B211E49BDD800E626AF /* Project object */ = {
			isa = PBXProject;
			attributes = {
				LastSwiftUpdateCheck = 0820;
				LastUpgradeCheck = 0820;
				ORGANIZATIONNAME = BoostCamp;
				TargetAttributes = {
					78684B281E49BDD800E626AF = {
						CreatedOnToolsVersion = 8.2.1;
						ProvisioningStyle = Automatic;
					};
				};
			};
			buildConfigurationList = 78684B241E49BDD800E626AF /* Build configuration list for PBXProject "ChromaTone" */;
			compatibilityVersion = "Xcode 3.2";
			developmentRegion = English;
			hasScannedForEncodings = 0;
			knownRegions = (
				en,
				Base,
			);
			mainGroup = 78684B201E49BDD800E626AF;
			productRefGroup = 78684B2A1E49BDD800E626AF /* Products */;
			projectDirPath = "";
			projectRoot = "";
			targets = (
				78684B281E49BDD800E626AF /* ChromaTone */,
			);
		};
/* End PBXProject section */

/* Begin PBXResourcesBuildPhase section */
		78684B271E49BDD800E626AF /* Resources */ = {
			isa = PBXResourcesBuildPhase;
			buildActionMask = 2147483647;
			files = (
				78684B371E49BDD800E626AF /* LaunchScreen.storyboard in Resources */,
				78684B341E49BDD800E626AF /* Assets.xcassets in Resources */,
				78684B321E49BDD800E626AF /* Main.storyboard in Resources */,
			);
			runOnlyForDeploymentPostprocessing = 0;
		};
/* End PBXResourcesBuildPhase section */

/* Begin PBXSourcesBuildPhase section */
		78684B251E49BDD800E626AF /* Sources */ = {
			isa = PBXSourcesBuildPhase;
			buildActionMask = 2147483647;
			files = (
				78684B2F1E49BDD800E626AF /* ViewController.swift in Sources */,
				78684B2D1E49BDD800E626AF /* AppDelegate.swift in Sources */,
			);
			runOnlyForDeploymentPostprocessing = 0;
		};
/* End PBXSourcesBuildPhase section */

/* Begin PBXVariantGroup section */
		78684B301E49BDD800E626AF /* Main.storyboard */ = {
			isa = PBXVariantGroup;
			children = (
				78684B311E49BDD800E626AF /* Base */,
			);
			name = Main.storyboard;
			sourceTree = "<group>";
		};
		78684B351E49BDD800E626AF /* LaunchScreen.storyboard */ = {
			isa = PBXVariantGroup;
			children = (
				78684B361E49BDD800E626AF /* Base */,
			);
			name = LaunchScreen.storyboard;
			sourceTree = "<group>";
		};
/* End PBXVariantGroup section */

/* Begin XCBuildConfiguration section */
		78684B391E49BDD800E626AF /* Debug */ = {
			isa = XCBuildConfiguration;
			buildSettings = {
				ALWAYS_SEARCH_USER_PATHS = NO;
				CLANG_ANALYZER_NONNULL = YES;
				CLANG_CXX_LANGUAGE_STANDARD = "gnu++0x";
				CLANG_CXX_LIBRARY = "libc++";
				CLANG_ENABLE_MODULES = YES;
				CLANG_ENABLE_OBJC_ARC = YES;
				CLANG_WARN_BOOL_CONVERSION = YES;
				CLANG_WARN_CONSTANT_CONVERSION = YES;
				CLANG_WARN_DIRECT_OBJC_ISA_USAGE = YES_ERROR;
				CLANG_WARN_DOCUMENTATION_COMMENTS = YES;
				CLANG_WARN_EMPTY_BODY = YES;
				CLANG_WARN_ENUM_CONVERSION = YES;
				CLANG_WARN_INFINITE_RECURSION = YES;
				CLANG_WARN_INT_CONVERSION = YES;
				CLANG_WARN_OBJC_ROOT_CLASS = YES_ERROR;
				CLANG_WARN_SUSPICIOUS_MOVE = YES;
				CLANG_WARN_UNREACHABLE_CODE = YES;
				CLANG_WARN__DUPLICATE_METHOD_MATCH = YES;
				"CODE_SIGN_IDENTITY[sdk=iphoneos*]" = "iPhone Developer";
				COPY_PHASE_STRIP = NO;
				DEBUG_INFORMATION_FORMAT = dwarf;
				ENABLE_STRICT_OBJC_MSGSEND = YES;
				ENABLE_TESTABILITY = YES;
				GCC_C_LANGUAGE_STANDARD = gnu99;
				GCC_DYNAMIC_NO_PIC = NO;
				GCC_NO_COMMON_BLOCKS = YES;
				GCC_OPTIMIZATION_LEVEL = 0;
				GCC_PREPROCESSOR_DEFINITIONS = (
					"DEBUG=1",
					"$(inherited)",
				);
				GCC_WARN_64_TO_32_BIT_CONVERSION = YES;
				GCC_WARN_ABOUT_RETURN_TYPE = YES_ERROR;
				GCC_WARN_UNDECLARED_SELECTOR = YES;
				GCC_WARN_UNINITIALIZED_AUTOS = YES_AGGRESSIVE;
				GCC_WARN_UNUSED_FUNCTION = YES;
				GCC_WARN_UNUSED_VARIABLE = YES;
				IPHONEOS_DEPLOYMENT_TARGET = 10.2;
				MTL_ENABLE_DEBUG_INFO = YES;
				ONLY_ACTIVE_ARCH = YES;
				SDKROOT = iphoneos;
				SWIFT_ACTIVE_COMPILATION_CONDITIONS = DEBUG;
				SWIFT_OPTIMIZATION_LEVEL = "-Onone";
				TARGETED_DEVICE_FAMILY = "1,2";
			};
			name = Debug;
		};
		78684B3A1E49BDD800E626AF /* Release */ = {
			isa = XCBuildConfiguration;
			buildSettings = {
				ALWAYS_SEARCH_USER_PATHS = NO;
				CLANG_ANALYZER_NONNULL = YES;
				CLANG_CXX_LANGUAGE_STANDARD = "gnu++0x";
				CLANG_CXX_LIBRARY = "libc++";
				CLANG_ENABLE_MODULES = YES;
				CLANG_ENABLE_OBJC_ARC = YES;
				CLANG_WARN_BOOL_CONVERSION = YES;
				CLANG_WARN_CONSTANT_CONVERSION = YES;
				CLANG_WARN_DIRECT_OBJC_ISA_USAGE = YES_ERROR;
				CLANG_WARN_DOCUMENTATION_COMMENTS = YES;
				CLANG_WARN_EMPTY_BODY = YES;
				CLANG_WARN_ENUM_CONVERSION = YES;
				CLANG_WARN_INFINITE_RECURSION = YES;
				CLANG_WARN_INT_CONVERSION = YES;
				CLANG_WARN_OBJC_ROOT_CLASS = YES_ERROR;
				CLANG_WARN_SUSPICIOUS_MOVE = YES;
				CLANG_WARN_UNREACHABLE_CODE = YES;
				CLANG_WARN__DUPLICATE_METHOD_MATCH = YES;
				"CODE_SIGN_IDENTITY[sdk=iphoneos*]" = "iPhone Developer";
				COPY_PHASE_STRIP = NO;
				DEBUG_INFORMATION_FORMAT = "dwarf-with-dsym";
				ENABLE_NS_ASSERTIONS = NO;
				ENABLE_STRICT_OBJC_MSGSEND = YES;
				GCC_C_LANGUAGE_STANDARD = gnu99;
				GCC_NO_COMMON_BLOCKS = YES;
				GCC_WARN_64_TO_32_BIT_CONVERSION = YES;
				GCC_WARN_ABOUT_RETURN_TYPE = YES_ERROR;
				GCC_WARN_UNDECLARED_SELECTOR = YES;
				GCC_WARN_UNINITIALIZED_AUTOS = YES_AGGRESSIVE;
				GCC_WARN_UNUSED_FUNCTION = YES;
				GCC_WARN_UNUSED_VARIABLE = YES;
				IPHONEOS_DEPLOYMENT_TARGET = 10.2;
				MTL_ENABLE_DEBUG_INFO = NO;
				SDKROOT = iphoneos;
				SWIFT_OPTIMIZATION_LEVEL = "-Owholemodule";
				TARGETED_DEVICE_FAMILY = "1,2";
				VALIDATE_PRODUCT = YES;
			};
			name = Release;
		};
		78684B3C1E49BDD800E626AF /* Debug */ = {
			isa = XCBuildConfiguration;
			buildSettings = {
				ASSETCATALOG_COMPILER_APPICON_NAME = AppIcon;
				INFOPLIST_FILE = ChromaTone/Info.plist;
				LD_RUNPATH_SEARCH_PATHS = "$(inherited) @executable_path/Frameworks";
				PRODUCT_BUNDLE_IDENTIFIER = com.boostcamp.ChromaTone;
				PRODUCT_NAME = "$(TARGET_NAME)";
				SWIFT_VERSION = 3.0;
			};
			name = Debug;
		};
		78684B3D1E49BDD800E626AF /* Release */ = {
			isa = XCBuildConfiguration;
			buildSettings = {
				ASSETCATALOG_COMPILER_APPICON_NAME = AppIcon;
				INFOPLIST_FILE = ChromaTone/Info.plist;
				LD_RUNPATH_SEARCH_PATHS = "$(inherited) @executable_path/Frameworks";
				PRODUCT_BUNDLE_IDENTIFIER = com.boostcamp.ChromaTone;
				PRODUCT_NAME = "$(TARGET_NAME)";
				SWIFT_VERSION = 3.0;
			};
			name = Release;
		};
/* End XCBuildConfiguration section */

/* Begin XCConfigurationList section */
		78684B241E49BDD800E626AF /* Build configuration list for PBXProject "ChromaTone" */ = {
			isa = XCConfigurationList;
			buildConfigurations = (
				78684B391E49BDD800E626AF /* Debug */,
				78684B3A1E49BDD800E626AF /* Release */,
			);
			defaultConfigurationIsVisible = 0;
			defaultConfigurationName = Release;
		};
		78684B3B1E49BDD800E626AF /* Build configuration list for PBXNativeTarget "ChromaTone" */ = {
			isa = XCConfigurationList;
			buildConfigurations = (
				78684B3C1E49BDD800E626AF /* Debug */,
				78684B3D1E49BDD800E626AF /* Release */,
			);
			defaultConfigurationIsVisible = 0;
		};
/* End XCConfigurationList section */
	};
	rootObject = 78684B211E49BDD800E626AF /* Project object */;
}
