// !$*UTF8*$!
{
	archiveVersion = 1;
	classes = {
	};
	objectVersion = 46;
	objects = {

/* Begin PBXBuildFile section */
		78684B2D1E49BDD800E626AF /* AppDelegate.swift in Sources */ = {isa = PBXBuildFile; fileRef = 78684B2C1E49BDD800E626AF /* AppDelegate.swift */; };
		78684B2F1E49BDD800E626AF /* ColorViewController.swift in Sources */ = {isa = PBXBuildFile; fileRef = 78684B2E1E49BDD800E626AF /* ColorViewController.swift */; };
		78684B321E49BDD800E626AF /* Main.storyboard in Resources */ = {isa = PBXBuildFile; fileRef = 78684B301E49BDD800E626AF /* Main.storyboard */; };
		78684B341E49BDD800E626AF /* Assets.xcassets in Resources */ = {isa = PBXBuildFile; fileRef = 78684B331E49BDD800E626AF /* Assets.xcassets */; };
		78684B371E49BDD800E626AF /* LaunchScreen.storyboard in Resources */ = {isa = PBXBuildFile; fileRef = 78684B351E49BDD800E626AF /* LaunchScreen.storyboard */; };
		78BA40D81E4EF20A00B76BB0 /* ColorPickerImageView.swift in Sources */ = {isa = PBXBuildFile; fileRef = 78BA40D71E4EF20A00B76BB0 /* ColorPickerImageView.swift */; };
		78BA40DA1E4EF2AD00B76BB0 /* Constants.swift in Sources */ = {isa = PBXBuildFile; fileRef = 78BA40D91E4EF2AD00B76BB0 /* Constants.swift */; };
		78E4F7591E5CC0140055AB5A /* Hi-Hat-1.wav in Resources */ = {isa = PBXBuildFile; fileRef = 78E4F7581E5CC0140055AB5A /* Hi-Hat-1.wav */; };
		78E4F75C1E5CC97D0055AB5A /* Bass-Drum-1.wav in Resources */ = {isa = PBXBuildFile; fileRef = 78E4F75A1E5CC97D0055AB5A /* Bass-Drum-1.wav */; };
		78E4F75D1E5CC97D0055AB5A /* Hip-Hop-Snare-2.wav in Resources */ = {isa = PBXBuildFile; fileRef = 78E4F75B1E5CC97D0055AB5A /* Hip-Hop-Snare-2.wav */; };
		78E4F7A81E5CDFEF0055AB5A /* _readme_and_license.txt in Resources */ = {isa = PBXBuildFile; fileRef = 78E4F78F1E5CDFEF0055AB5A /* _readme_and_license.txt */; };
		78E4F7A91E5CDFEF0055AB5A /* piano-57.wav in Resources */ = {isa = PBXBuildFile; fileRef = 78E4F7901E5CDFEF0055AB5A /* piano-57.wav */; };
		78E4F7AA1E5CDFEF0055AB5A /* piano-58.wav in Resources */ = {isa = PBXBuildFile; fileRef = 78E4F7911E5CDFEF0055AB5A /* piano-58.wav */; };
		78E4F7AB1E5CDFEF0055AB5A /* piano-59.wav in Resources */ = {isa = PBXBuildFile; fileRef = 78E4F7921E5CDFEF0055AB5A /* piano-59.wav */; };
		78E4F7AC1E5CDFEF0055AB5A /* piano-60.wav in Resources */ = {isa = PBXBuildFile; fileRef = 78E4F7931E5CDFEF0055AB5A /* piano-60.wav */; };
		78E4F7AD1E5CDFEF0055AB5A /* piano-61.wav in Resources */ = {isa = PBXBuildFile; fileRef = 78E4F7941E5CDFEF0055AB5A /* piano-61.wav */; };
		78E4F7AE1E5CDFEF0055AB5A /* piano-62.wav in Resources */ = {isa = PBXBuildFile; fileRef = 78E4F7951E5CDFEF0055AB5A /* piano-62.wav */; };
		78E4F7AF1E5CDFEF0055AB5A /* piano-63.wav in Resources */ = {isa = PBXBuildFile; fileRef = 78E4F7961E5CDFEF0055AB5A /* piano-63.wav */; };
		78E4F7B01E5CDFEF0055AB5A /* piano-64.wav in Resources */ = {isa = PBXBuildFile; fileRef = 78E4F7971E5CDFEF0055AB5A /* piano-64.wav */; };
		78E4F7B11E5CDFEF0055AB5A /* piano-65.wav in Resources */ = {isa = PBXBuildFile; fileRef = 78E4F7981E5CDFEF0055AB5A /* piano-65.wav */; };
		78E4F7B21E5CDFEF0055AB5A /* piano-66.wav in Resources */ = {isa = PBXBuildFile; fileRef = 78E4F7991E5CDFEF0055AB5A /* piano-66.wav */; };
		78E4F7B31E5CDFEF0055AB5A /* piano-67.wav in Resources */ = {isa = PBXBuildFile; fileRef = 78E4F79A1E5CDFEF0055AB5A /* piano-67.wav */; };
		78E4F7B41E5CDFEF0055AB5A /* piano-68.wav in Resources */ = {isa = PBXBuildFile; fileRef = 78E4F79B1E5CDFEF0055AB5A /* piano-68.wav */; };
		78E4F7B51E5CDFEF0055AB5A /* piano-69.wav in Resources */ = {isa = PBXBuildFile; fileRef = 78E4F79C1E5CDFEF0055AB5A /* piano-69.wav */; };
		78E4F7B61E5CDFEF0055AB5A /* piano-70.wav in Resources */ = {isa = PBXBuildFile; fileRef = 78E4F79D1E5CDFEF0055AB5A /* piano-70.wav */; };
		78E4F7B71E5CDFEF0055AB5A /* piano-71.wav in Resources */ = {isa = PBXBuildFile; fileRef = 78E4F79E1E5CDFEF0055AB5A /* piano-71.wav */; };
		78E4F7B81E5CDFEF0055AB5A /* piano-72.wav in Resources */ = {isa = PBXBuildFile; fileRef = 78E4F79F1E5CDFEF0055AB5A /* piano-72.wav */; };
		78E4F7B91E5CDFEF0055AB5A /* piano-73.wav in Resources */ = {isa = PBXBuildFile; fileRef = 78E4F7A01E5CDFEF0055AB5A /* piano-73.wav */; };
		78E4F7BA1E5CDFEF0055AB5A /* piano-74.wav in Resources */ = {isa = PBXBuildFile; fileRef = 78E4F7A11E5CDFEF0055AB5A /* piano-74.wav */; };
		78E4F7BB1E5CDFEF0055AB5A /* piano-75.wav in Resources */ = {isa = PBXBuildFile; fileRef = 78E4F7A21E5CDFEF0055AB5A /* piano-75.wav */; };
		78E4F7BC1E5CDFEF0055AB5A /* piano-76.wav in Resources */ = {isa = PBXBuildFile; fileRef = 78E4F7A31E5CDFEF0055AB5A /* piano-76.wav */; };
		78E4F7BD1E5CDFEF0055AB5A /* piano-77.wav in Resources */ = {isa = PBXBuildFile; fileRef = 78E4F7A41E5CDFEF0055AB5A /* piano-77.wav */; };
		78E4F7BE1E5CDFEF0055AB5A /* piano-78.wav in Resources */ = {isa = PBXBuildFile; fileRef = 78E4F7A51E5CDFEF0055AB5A /* piano-78.wav */; };
		78E4F7BF1E5CDFEF0055AB5A /* piano-79.wav in Resources */ = {isa = PBXBuildFile; fileRef = 78E4F7A61E5CDFEF0055AB5A /* piano-79.wav */; };
		78E4F7C01E5CDFEF0055AB5A /* piano-80.wav in Resources */ = {isa = PBXBuildFile; fileRef = 78E4F7A71E5CDFEF0055AB5A /* piano-80.wav */; };
		78E4F7C31E5CE8A20055AB5A /* piano-56.wav in Resources */ = {isa = PBXBuildFile; fileRef = 78E4F7C11E5CE8A20055AB5A /* piano-56.wav */; };
		78E4F7C41E5CE8A20055AB5A /* piano-81.wav in Resources */ = {isa = PBXBuildFile; fileRef = 78E4F7C21E5CE8A20055AB5A /* piano-81.wav */; };
		78E4F7C81E5D84C50055AB5A /* FM-Piano.wav in Resources */ = {isa = PBXBuildFile; fileRef = 78E4F7C71E5D84C50055AB5A /* FM-Piano.wav */; };
		78E4F7CA1E5E2BE70055AB5A /* ColorViewController+ImagePlayer.swift in Sources */ = {isa = PBXBuildFile; fileRef = 78E4F7C91E5E2BE70055AB5A /* ColorViewController+ImagePlayer.swift */; };
		78E63E711E58B91100A9B96F /* ToneController.swift in Sources */ = {isa = PBXBuildFile; fileRef = 78E63E701E58B91100A9B96F /* ToneController.swift */; };
		78E63E731E59A86200A9B96F /* ImagePlayer.swift in Sources */ = {isa = PBXBuildFile; fileRef = 78E63E721E59A86200A9B96F /* ImagePlayer.swift */; };
		78FF99881E530CE100D93738 /* CameraViewController.swift in Sources */ = {isa = PBXBuildFile; fileRef = 78FF99871E530CE100D93738 /* CameraViewController.swift */; };
		78FF998A1E530D4200D93738 /* CameraPreviewView.swift in Sources */ = {isa = PBXBuildFile; fileRef = 78FF99891E530D4200D93738 /* CameraPreviewView.swift */; };
		E60583ADA24671EE92F3C002 /* Pods_ChromaTone.framework in Frameworks */ = {isa = PBXBuildFile; fileRef = F328018FC6C917F3CC030C1E /* Pods_ChromaTone.framework */; };
/* End PBXBuildFile section */

/* Begin PBXFileReference section */
		1A4C64C190FEC4F6590A0FEB /* Pods-ChromaTone.release.xcconfig */ = {isa = PBXFileReference; includeInIndex = 1; lastKnownFileType = text.xcconfig; name = "Pods-ChromaTone.release.xcconfig"; path = "Pods/Target Support Files/Pods-ChromaTone/Pods-ChromaTone.release.xcconfig"; sourceTree = "<group>"; };
		78684B291E49BDD800E626AF /* ChromaTone.app */ = {isa = PBXFileReference; explicitFileType = wrapper.application; includeInIndex = 0; path = ChromaTone.app; sourceTree = BUILT_PRODUCTS_DIR; };
		78684B2C1E49BDD800E626AF /* AppDelegate.swift */ = {isa = PBXFileReference; lastKnownFileType = sourcecode.swift; path = AppDelegate.swift; sourceTree = "<group>"; };
		78684B2E1E49BDD800E626AF /* ColorViewController.swift */ = {isa = PBXFileReference; lastKnownFileType = sourcecode.swift; path = ColorViewController.swift; sourceTree = "<group>"; };
		78684B311E49BDD800E626AF /* Base */ = {isa = PBXFileReference; lastKnownFileType = file.storyboard; name = Base; path = Base.lproj/Main.storyboard; sourceTree = "<group>"; };
		78684B331E49BDD800E626AF /* Assets.xcassets */ = {isa = PBXFileReference; lastKnownFileType = folder.assetcatalog; path = Assets.xcassets; sourceTree = "<group>"; };
		78684B361E49BDD800E626AF /* Base */ = {isa = PBXFileReference; lastKnownFileType = file.storyboard; name = Base; path = Base.lproj/LaunchScreen.storyboard; sourceTree = "<group>"; };
		78684B381E49BDD800E626AF /* Info.plist */ = {isa = PBXFileReference; lastKnownFileType = text.plist.xml; path = Info.plist; sourceTree = "<group>"; };
		78BA40D71E4EF20A00B76BB0 /* ColorPickerImageView.swift */ = {isa = PBXFileReference; fileEncoding = 4; lastKnownFileType = sourcecode.swift; path = ColorPickerImageView.swift; sourceTree = "<group>"; };
		78BA40D91E4EF2AD00B76BB0 /* Constants.swift */ = {isa = PBXFileReference; fileEncoding = 4; lastKnownFileType = sourcecode.swift; path = Constants.swift; sourceTree = "<group>"; };
		78E4F7581E5CC0140055AB5A /* Hi-Hat-1.wav */ = {isa = PBXFileReference; lastKnownFileType = audio.wav; path = "Hi-Hat-1.wav"; sourceTree = "<group>"; };
		78E4F75A1E5CC97D0055AB5A /* Bass-Drum-1.wav */ = {isa = PBXFileReference; lastKnownFileType = audio.wav; path = "Bass-Drum-1.wav"; sourceTree = "<group>"; };
		78E4F75B1E5CC97D0055AB5A /* Hip-Hop-Snare-2.wav */ = {isa = PBXFileReference; lastKnownFileType = audio.wav; path = "Hip-Hop-Snare-2.wav"; sourceTree = "<group>"; };
		78E4F78F1E5CDFEF0055AB5A /* _readme_and_license.txt */ = {isa = PBXFileReference; fileEncoding = 4; lastKnownFileType = text; path = _readme_and_license.txt; sourceTree = "<group>"; };
		78E4F7901E5CDFEF0055AB5A /* piano-57.wav */ = {isa = PBXFileReference; lastKnownFileType = audio.wav; path = "piano-57.wav"; sourceTree = "<group>"; };
		78E4F7911E5CDFEF0055AB5A /* piano-58.wav */ = {isa = PBXFileReference; lastKnownFileType = audio.wav; path = "piano-58.wav"; sourceTree = "<group>"; };
		78E4F7921E5CDFEF0055AB5A /* piano-59.wav */ = {isa = PBXFileReference; lastKnownFileType = audio.wav; path = "piano-59.wav"; sourceTree = "<group>"; };
		78E4F7931E5CDFEF0055AB5A /* piano-60.wav */ = {isa = PBXFileReference; lastKnownFileType = audio.wav; path = "piano-60.wav"; sourceTree = "<group>"; };
		78E4F7941E5CDFEF0055AB5A /* piano-61.wav */ = {isa = PBXFileReference; lastKnownFileType = audio.wav; path = "piano-61.wav"; sourceTree = "<group>"; };
		78E4F7951E5CDFEF0055AB5A /* piano-62.wav */ = {isa = PBXFileReference; lastKnownFileType = audio.wav; path = "piano-62.wav"; sourceTree = "<group>"; };
		78E4F7961E5CDFEF0055AB5A /* piano-63.wav */ = {isa = PBXFileReference; lastKnownFileType = audio.wav; path = "piano-63.wav"; sourceTree = "<group>"; };
		78E4F7971E5CDFEF0055AB5A /* piano-64.wav */ = {isa = PBXFileReference; lastKnownFileType = audio.wav; path = "piano-64.wav"; sourceTree = "<group>"; };
		78E4F7981E5CDFEF0055AB5A /* piano-65.wav */ = {isa = PBXFileReference; lastKnownFileType = audio.wav; path = "piano-65.wav"; sourceTree = "<group>"; };
		78E4F7991E5CDFEF0055AB5A /* piano-66.wav */ = {isa = PBXFileReference; lastKnownFileType = audio.wav; path = "piano-66.wav"; sourceTree = "<group>"; };
		78E4F79A1E5CDFEF0055AB5A /* piano-67.wav */ = {isa = PBXFileReference; lastKnownFileType = audio.wav; path = "piano-67.wav"; sourceTree = "<group>"; };
		78E4F79B1E5CDFEF0055AB5A /* piano-68.wav */ = {isa = PBXFileReference; lastKnownFileType = audio.wav; path = "piano-68.wav"; sourceTree = "<group>"; };
		78E4F79C1E5CDFEF0055AB5A /* piano-69.wav */ = {isa = PBXFileReference; lastKnownFileType = audio.wav; path = "piano-69.wav"; sourceTree = "<group>"; };
		78E4F79D1E5CDFEF0055AB5A /* piano-70.wav */ = {isa = PBXFileReference; lastKnownFileType = audio.wav; path = "piano-70.wav"; sourceTree = "<group>"; };
		78E4F79E1E5CDFEF0055AB5A /* piano-71.wav */ = {isa = PBXFileReference; lastKnownFileType = audio.wav; path = "piano-71.wav"; sourceTree = "<group>"; };
		78E4F79F1E5CDFEF0055AB5A /* piano-72.wav */ = {isa = PBXFileReference; lastKnownFileType = audio.wav; path = "piano-72.wav"; sourceTree = "<group>"; };
		78E4F7A01E5CDFEF0055AB5A /* piano-73.wav */ = {isa = PBXFileReference; lastKnownFileType = audio.wav; path = "piano-73.wav"; sourceTree = "<group>"; };
		78E4F7A11E5CDFEF0055AB5A /* piano-74.wav */ = {isa = PBXFileReference; lastKnownFileType = audio.wav; path = "piano-74.wav"; sourceTree = "<group>"; };
		78E4F7A21E5CDFEF0055AB5A /* piano-75.wav */ = {isa = PBXFileReference; lastKnownFileType = audio.wav; path = "piano-75.wav"; sourceTree = "<group>"; };
		78E4F7A31E5CDFEF0055AB5A /* piano-76.wav */ = {isa = PBXFileReference; lastKnownFileType = audio.wav; path = "piano-76.wav"; sourceTree = "<group>"; };
		78E4F7A41E5CDFEF0055AB5A /* piano-77.wav */ = {isa = PBXFileReference; lastKnownFileType = audio.wav; path = "piano-77.wav"; sourceTree = "<group>"; };
		78E4F7A51E5CDFEF0055AB5A /* piano-78.wav */ = {isa = PBXFileReference; lastKnownFileType = audio.wav; path = "piano-78.wav"; sourceTree = "<group>"; };
		78E4F7A61E5CDFEF0055AB5A /* piano-79.wav */ = {isa = PBXFileReference; lastKnownFileType = audio.wav; path = "piano-79.wav"; sourceTree = "<group>"; };
		78E4F7A71E5CDFEF0055AB5A /* piano-80.wav */ = {isa = PBXFileReference; lastKnownFileType = audio.wav; path = "piano-80.wav"; sourceTree = "<group>"; };
		78E4F7C11E5CE8A20055AB5A /* piano-56.wav */ = {isa = PBXFileReference; lastKnownFileType = audio.wav; path = "piano-56.wav"; sourceTree = "<group>"; };
		78E4F7C21E5CE8A20055AB5A /* piano-81.wav */ = {isa = PBXFileReference; lastKnownFileType = audio.wav; path = "piano-81.wav"; sourceTree = "<group>"; };
		78E4F7C71E5D84C50055AB5A /* FM-Piano.wav */ = {isa = PBXFileReference; lastKnownFileType = audio.wav; path = "FM-Piano.wav"; sourceTree = "<group>"; };
		78E4F7C91E5E2BE70055AB5A /* ColorViewController+ImagePlayer.swift */ = {isa = PBXFileReference; fileEncoding = 4; lastKnownFileType = sourcecode.swift; path = "ColorViewController+ImagePlayer.swift"; sourceTree = "<group>"; };
		78E63E701E58B91100A9B96F /* ToneController.swift */ = {isa = PBXFileReference; fileEncoding = 4; lastKnownFileType = sourcecode.swift; path = ToneController.swift; sourceTree = "<group>"; };
		78E63E721E59A86200A9B96F /* ImagePlayer.swift */ = {isa = PBXFileReference; fileEncoding = 4; lastKnownFileType = sourcecode.swift; path = ImagePlayer.swift; sourceTree = "<group>"; };
		78FF99871E530CE100D93738 /* CameraViewController.swift */ = {isa = PBXFileReference; fileEncoding = 4; lastKnownFileType = sourcecode.swift; path = CameraViewController.swift; sourceTree = "<group>"; };
		78FF99891E530D4200D93738 /* CameraPreviewView.swift */ = {isa = PBXFileReference; fileEncoding = 4; lastKnownFileType = sourcecode.swift; path = CameraPreviewView.swift; sourceTree = "<group>"; };
		CF578028574678AA4A8E109C /* Pods-ChromaTone.debug.xcconfig */ = {isa = PBXFileReference; includeInIndex = 1; lastKnownFileType = text.xcconfig; name = "Pods-ChromaTone.debug.xcconfig"; path = "Pods/Target Support Files/Pods-ChromaTone/Pods-ChromaTone.debug.xcconfig"; sourceTree = "<group>"; };
		F328018FC6C917F3CC030C1E /* Pods_ChromaTone.framework */ = {isa = PBXFileReference; explicitFileType = wrapper.framework; includeInIndex = 0; path = Pods_ChromaTone.framework; sourceTree = BUILT_PRODUCTS_DIR; };
/* End PBXFileReference section */

/* Begin PBXFrameworksBuildPhase section */
		78684B261E49BDD800E626AF /* Frameworks */ = {
			isa = PBXFrameworksBuildPhase;
			buildActionMask = 2147483647;
			files = (
				E60583ADA24671EE92F3C002 /* Pods_ChromaTone.framework in Frameworks */,
			);
			runOnlyForDeploymentPostprocessing = 0;
		};
/* End PBXFrameworksBuildPhase section */

/* Begin PBXGroup section */
		4A46BB4FE76B85A0120A4740 /* Frameworks */ = {
			isa = PBXGroup;
			children = (
				F328018FC6C917F3CC030C1E /* Pods_ChromaTone.framework */,
			);
			name = Frameworks;
			sourceTree = "<group>";
		};
		78684B201E49BDD800E626AF = {
			isa = PBXGroup;
			children = (
				78684B2B1E49BDD800E626AF /* ChromaTone */,
				78684B2A1E49BDD800E626AF /* Products */,
				CB81691935CB5599FE86AD2C /* Pods */,
				4A46BB4FE76B85A0120A4740 /* Frameworks */,
			);
			sourceTree = "<group>";
		};
		78684B2A1E49BDD800E626AF /* Products */ = {
			isa = PBXGroup;
			children = (
				78684B291E49BDD800E626AF /* ChromaTone.app */,
			);
			name = Products;
			sourceTree = "<group>";
		};
		78684B2B1E49BDD800E626AF /* ChromaTone */ = {
			isa = PBXGroup;
			children = (
				78684B2C1E49BDD800E626AF /* AppDelegate.swift */,
				78BA40D91E4EF2AD00B76BB0 /* Constants.swift */,
				78E4F7561E5CBDAD0055AB5A /* Sounds */,
				78E63E6A1E586B0500A9B96F /* Supporting Files */,
				78E63E691E586AFA00A9B96F /* Assets */,
				78E63E681E586AF500A9B96F /* ColorView */,
				78E63E671E586AE500A9B96F /* Models */,
			);
			path = ChromaTone;
			sourceTree = "<group>";
		};
		78E4F7561E5CBDAD0055AB5A /* Sounds */ = {
			isa = PBXGroup;
			children = (
				78E4F78E1E5CDFDF0055AB5A /* piano */,
				78E4F75A1E5CC97D0055AB5A /* Bass-Drum-1.wav */,
				78E4F75B1E5CC97D0055AB5A /* Hip-Hop-Snare-2.wav */,
				78E4F7581E5CC0140055AB5A /* Hi-Hat-1.wav */,
				78E4F7C71E5D84C50055AB5A /* FM-Piano.wav */,
			);
			name = Sounds;
			sourceTree = "<group>";
		};
		78E4F78E1E5CDFDF0055AB5A /* piano */ = {
			isa = PBXGroup;
			children = (
				78E4F78F1E5CDFEF0055AB5A /* _readme_and_license.txt */,
				78E4F7C11E5CE8A20055AB5A /* piano-56.wav */,
				78E4F7901E5CDFEF0055AB5A /* piano-57.wav */,
				78E4F7911E5CDFEF0055AB5A /* piano-58.wav */,
				78E4F7921E5CDFEF0055AB5A /* piano-59.wav */,
				78E4F7931E5CDFEF0055AB5A /* piano-60.wav */,
				78E4F7941E5CDFEF0055AB5A /* piano-61.wav */,
				78E4F7951E5CDFEF0055AB5A /* piano-62.wav */,
				78E4F7961E5CDFEF0055AB5A /* piano-63.wav */,
				78E4F7971E5CDFEF0055AB5A /* piano-64.wav */,
				78E4F7981E5CDFEF0055AB5A /* piano-65.wav */,
				78E4F7991E5CDFEF0055AB5A /* piano-66.wav */,
				78E4F79A1E5CDFEF0055AB5A /* piano-67.wav */,
				78E4F79B1E5CDFEF0055AB5A /* piano-68.wav */,
				78E4F79C1E5CDFEF0055AB5A /* piano-69.wav */,
				78E4F79D1E5CDFEF0055AB5A /* piano-70.wav */,
				78E4F79E1E5CDFEF0055AB5A /* piano-71.wav */,
				78E4F79F1E5CDFEF0055AB5A /* piano-72.wav */,
				78E4F7A01E5CDFEF0055AB5A /* piano-73.wav */,
				78E4F7A11E5CDFEF0055AB5A /* piano-74.wav */,
				78E4F7A21E5CDFEF0055AB5A /* piano-75.wav */,
				78E4F7A31E5CDFEF0055AB5A /* piano-76.wav */,
				78E4F7A41E5CDFEF0055AB5A /* piano-77.wav */,
				78E4F7A51E5CDFEF0055AB5A /* piano-78.wav */,
				78E4F7A61E5CDFEF0055AB5A /* piano-79.wav */,
				78E4F7A71E5CDFEF0055AB5A /* piano-80.wav */,
				78E4F7C21E5CE8A20055AB5A /* piano-81.wav */,
			);
			name = piano;
			sourceTree = "<group>";
		};
		78E63E671E586AE500A9B96F /* Models */ = {
			isa = PBXGroup;
			children = (
				78E63E701E58B91100A9B96F /* ToneController.swift */,
				78E63E721E59A86200A9B96F /* ImagePlayer.swift */,
			);
			name = Models;
			sourceTree = "<group>";
		};
		78E63E681E586AF500A9B96F /* ColorView */ = {
			isa = PBXGroup;
			children = (
				78684B2E1E49BDD800E626AF /* ColorViewController.swift */,
				78E4F7C91E5E2BE70055AB5A /* ColorViewController+ImagePlayer.swift */,
				78E63E6D1E586BB100A9B96F /* PickerView */,
				78E63E6C1E586BA400A9B96F /* CameraView */,
			);
			name = ColorView;
			sourceTree = "<group>";
		};
		78E63E691E586AFA00A9B96F /* Assets */ = {
			isa = PBXGroup;
			children = (
				78684B301E49BDD800E626AF /* Main.storyboard */,
				78684B331E49BDD800E626AF /* Assets.xcassets */,
				78684B351E49BDD800E626AF /* LaunchScreen.storyboard */,
			);
			name = Assets;
			sourceTree = "<group>";
		};
		78E63E6A1E586B0500A9B96F /* Supporting Files */ = {
			isa = PBXGroup;
			children = (
				78684B381E49BDD800E626AF /* Info.plist */,
			);
			name = "Supporting Files";
			sourceTree = "<group>";
		};
		78E63E6C1E586BA400A9B96F /* CameraView */ = {
			isa = PBXGroup;
			children = (
				78FF99871E530CE100D93738 /* CameraViewController.swift */,
				78FF99891E530D4200D93738 /* CameraPreviewView.swift */,
			);
			name = CameraView;
			sourceTree = "<group>";
		};
		78E63E6D1E586BB100A9B96F /* PickerView */ = {
			isa = PBXGroup;
			children = (
				78BA40D71E4EF20A00B76BB0 /* ColorPickerImageView.swift */,
			);
			name = PickerView;
			sourceTree = "<group>";
		};
		CB81691935CB5599FE86AD2C /* Pods */ = {
			isa = PBXGroup;
			children = (
				CF578028574678AA4A8E109C /* Pods-ChromaTone.debug.xcconfig */,
				1A4C64C190FEC4F6590A0FEB /* Pods-ChromaTone.release.xcconfig */,
			);
			name = Pods;
			sourceTree = "<group>";
		};
/* End PBXGroup section */

/* Begin PBXNativeTarget section */
		78684B281E49BDD800E626AF /* ChromaTone */ = {
			isa = PBXNativeTarget;
			buildConfigurationList = 78684B3B1E49BDD800E626AF /* Build configuration list for PBXNativeTarget "ChromaTone" */;
			buildPhases = (
				831D19A09AA2A677D65C6627 /* [CP] Check Pods Manifest.lock */,
				78684B251E49BDD800E626AF /* Sources */,
				78684B261E49BDD800E626AF /* Frameworks */,
				78684B271E49BDD800E626AF /* Resources */,
				60DE346F5485764BC3C95B1C /* [CP] Embed Pods Frameworks */,
				827081797DD44546BF7353C1 /* [CP] Copy Pods Resources */,
			);
			buildRules = (
			);
			dependencies = (
			);
			name = ChromaTone;
			productName = ChromaTone;
			productReference = 78684B291E49BDD800E626AF /* ChromaTone.app */;
			productType = "com.apple.product-type.application";
		};
/* End PBXNativeTarget section */

/* Begin PBXProject section */
		78684B211E49BDD800E626AF /* Project object */ = {
			isa = PBXProject;
			attributes = {
				LastSwiftUpdateCheck = 0820;
				LastUpgradeCheck = 0820;
				ORGANIZATIONNAME = BoostCamp;
				TargetAttributes = {
					78684B281E49BDD800E626AF = {
						CreatedOnToolsVersion = 8.2.1;
						DevelopmentTeam = F3Q5Y6R7ZH;
						ProvisioningStyle = Automatic;
					};
				};
			};
			buildConfigurationList = 78684B241E49BDD800E626AF /* Build configuration list for PBXProject "ChromaTone" */;
			compatibilityVersion = "Xcode 3.2";
			developmentRegion = English;
			hasScannedForEncodings = 0;
			knownRegions = (
				en,
				Base,
			);
			mainGroup = 78684B201E49BDD800E626AF;
			productRefGroup = 78684B2A1E49BDD800E626AF /* Products */;
			projectDirPath = "";
			projectRoot = "";
			targets = (
				78684B281E49BDD800E626AF /* ChromaTone */,
			);
		};
/* End PBXProject section */

/* Begin PBXResourcesBuildPhase section */
		78684B271E49BDD800E626AF /* Resources */ = {
			isa = PBXResourcesBuildPhase;
			buildActionMask = 2147483647;
			files = (
				78E4F7B41E5CDFEF0055AB5A /* piano-68.wav in Resources */,
				78E4F7BA1E5CDFEF0055AB5A /* piano-74.wav in Resources */,
				78E4F7BE1E5CDFEF0055AB5A /* piano-78.wav in Resources */,
				78E4F7B51E5CDFEF0055AB5A /* piano-69.wav in Resources */,
				78E4F7B61E5CDFEF0055AB5A /* piano-70.wav in Resources */,
				78684B371E49BDD800E626AF /* LaunchScreen.storyboard in Resources */,
				78E4F7C01E5CDFEF0055AB5A /* piano-80.wav in Resources */,
				78E4F7B71E5CDFEF0055AB5A /* piano-71.wav in Resources */,
				78E4F7BB1E5CDFEF0055AB5A /* piano-75.wav in Resources */,
				78E4F7A81E5CDFEF0055AB5A /* _readme_and_license.txt in Resources */,
				78E4F75D1E5CC97D0055AB5A /* Hip-Hop-Snare-2.wav in Resources */,
				78E4F7B21E5CDFEF0055AB5A /* piano-66.wav in Resources */,
				78E4F7AF1E5CDFEF0055AB5A /* piano-63.wav in Resources */,
				78E4F7591E5CC0140055AB5A /* Hi-Hat-1.wav in Resources */,
				78E4F7B11E5CDFEF0055AB5A /* piano-65.wav in Resources */,
				78E4F75C1E5CC97D0055AB5A /* Bass-Drum-1.wav in Resources */,
				78E4F7AD1E5CDFEF0055AB5A /* piano-61.wav in Resources */,
				78E4F7C41E5CE8A20055AB5A /* piano-81.wav in Resources */,
				78E4F7AE1E5CDFEF0055AB5A /* piano-62.wav in Resources */,
				78E4F7BD1E5CDFEF0055AB5A /* piano-77.wav in Resources */,
				78E4F7C81E5D84C50055AB5A /* FM-Piano.wav in Resources */,
				78684B341E49BDD800E626AF /* Assets.xcassets in Resources */,
				78E4F7BC1E5CDFEF0055AB5A /* piano-76.wav in Resources */,
				78E4F7C31E5CE8A20055AB5A /* piano-56.wav in Resources */,
				78E4F7AB1E5CDFEF0055AB5A /* piano-59.wav in Resources */,
				78E4F7AC1E5CDFEF0055AB5A /* piano-60.wav in Resources */,
				78E4F7B01E5CDFEF0055AB5A /* piano-64.wav in Resources */,
				78E4F7B81E5CDFEF0055AB5A /* piano-72.wav in Resources */,
				78E4F7A91E5CDFEF0055AB5A /* piano-57.wav in Resources */,
				78E4F7B91E5CDFEF0055AB5A /* piano-73.wav in Resources */,
				78E4F7BF1E5CDFEF0055AB5A /* piano-79.wav in Resources */,
				78684B321E49BDD800E626AF /* Main.storyboard in Resources */,
				78E4F7AA1E5CDFEF0055AB5A /* piano-58.wav in Resources */,
				78E4F7B31E5CDFEF0055AB5A /* piano-67.wav in Resources */,
			);
			runOnlyForDeploymentPostprocessing = 0;
		};
/* End PBXResourcesBuildPhase section */

/* Begin PBXShellScriptBuildPhase section */
		60DE346F5485764BC3C95B1C /* [CP] Embed Pods Frameworks */ = {
			isa = PBXShellScriptBuildPhase;
			buildActionMask = 2147483647;
			files = (
			);
			inputPaths = (
			);
			name = "[CP] Embed Pods Frameworks";
			outputPaths = (
			);
			runOnlyForDeploymentPostprocessing = 0;
			shellPath = /bin/sh;
			shellScript = "\"${SRCROOT}/Pods/Target Support Files/Pods-ChromaTone/Pods-ChromaTone-frameworks.sh\"\n";
			showEnvVarsInLog = 0;
		};
		827081797DD44546BF7353C1 /* [CP] Copy Pods Resources */ = {
			isa = PBXShellScriptBuildPhase;
			buildActionMask = 2147483647;
			files = (
			);
			inputPaths = (
			);
			name = "[CP] Copy Pods Resources";
			outputPaths = (
			);
			runOnlyForDeploymentPostprocessing = 0;
			shellPath = /bin/sh;
			shellScript = "\"${SRCROOT}/Pods/Target Support Files/Pods-ChromaTone/Pods-ChromaTone-resources.sh\"\n";
			showEnvVarsInLog = 0;
		};
		831D19A09AA2A677D65C6627 /* [CP] Check Pods Manifest.lock */ = {
			isa = PBXShellScriptBuildPhase;
			buildActionMask = 2147483647;
			files = (
			);
			inputPaths = (
			);
			name = "[CP] Check Pods Manifest.lock";
			outputPaths = (
			);
			runOnlyForDeploymentPostprocessing = 0;
			shellPath = /bin/sh;
			shellScript = "diff \"${PODS_ROOT}/../Podfile.lock\" \"${PODS_ROOT}/Manifest.lock\" > /dev/null\nif [ $? != 0 ] ; then\n    # print error to STDERR\n    echo \"error: The sandbox is not in sync with the Podfile.lock. Run 'pod install' or update your CocoaPods installation.\" >&2\n    exit 1\nfi\n";
			showEnvVarsInLog = 0;
		};
/* End PBXShellScriptBuildPhase section */

/* Begin PBXSourcesBuildPhase section */
		78684B251E49BDD800E626AF /* Sources */ = {
			isa = PBXSourcesBuildPhase;
			buildActionMask = 2147483647;
			files = (
				78BA40DA1E4EF2AD00B76BB0 /* Constants.swift in Sources */,
				78E63E731E59A86200A9B96F /* ImagePlayer.swift in Sources */,
				78FF998A1E530D4200D93738 /* CameraPreviewView.swift in Sources */,
				78BA40D81E4EF20A00B76BB0 /* ColorPickerImageView.swift in Sources */,
				78E63E711E58B91100A9B96F /* ToneController.swift in Sources */,
				78684B2F1E49BDD800E626AF /* ColorViewController.swift in Sources */,
				78FF99881E530CE100D93738 /* CameraViewController.swift in Sources */,
				78684B2D1E49BDD800E626AF /* AppDelegate.swift in Sources */,
				78E4F7CA1E5E2BE70055AB5A /* ColorViewController+ImagePlayer.swift in Sources */,
			);
			runOnlyForDeploymentPostprocessing = 0;
		};
/* End PBXSourcesBuildPhase section */

/* Begin PBXVariantGroup section */
		78684B301E49BDD800E626AF /* Main.storyboard */ = {
			isa = PBXVariantGroup;
			children = (
				78684B311E49BDD800E626AF /* Base */,
			);
			name = Main.storyboard;
			sourceTree = "<group>";
		};
		78684B351E49BDD800E626AF /* LaunchScreen.storyboard */ = {
			isa = PBXVariantGroup;
			children = (
				78684B361E49BDD800E626AF /* Base */,
			);
			name = LaunchScreen.storyboard;
			sourceTree = "<group>";
		};
/* End PBXVariantGroup section */

/* Begin XCBuildConfiguration section */
		78684B391E49BDD800E626AF /* Debug */ = {
			isa = XCBuildConfiguration;
			buildSettings = {
				ALWAYS_SEARCH_USER_PATHS = NO;
				CLANG_ANALYZER_NONNULL = YES;
				CLANG_CXX_LANGUAGE_STANDARD = "gnu++0x";
				CLANG_CXX_LIBRARY = "libc++";
				CLANG_ENABLE_MODULES = YES;
				CLANG_ENABLE_OBJC_ARC = YES;
				CLANG_WARN_BOOL_CONVERSION = YES;
				CLANG_WARN_CONSTANT_CONVERSION = YES;
				CLANG_WARN_DIRECT_OBJC_ISA_USAGE = YES_ERROR;
				CLANG_WARN_DOCUMENTATION_COMMENTS = YES;
				CLANG_WARN_EMPTY_BODY = YES;
				CLANG_WARN_ENUM_CONVERSION = YES;
				CLANG_WARN_INFINITE_RECURSION = YES;
				CLANG_WARN_INT_CONVERSION = YES;
				CLANG_WARN_OBJC_ROOT_CLASS = YES_ERROR;
				CLANG_WARN_SUSPICIOUS_MOVE = YES;
				CLANG_WARN_UNREACHABLE_CODE = YES;
				CLANG_WARN__DUPLICATE_METHOD_MATCH = YES;
				"CODE_SIGN_IDENTITY[sdk=iphoneos*]" = "iPhone Developer";
				COPY_PHASE_STRIP = NO;
				DEBUG_INFORMATION_FORMAT = dwarf;
				ENABLE_STRICT_OBJC_MSGSEND = YES;
				ENABLE_TESTABILITY = YES;
				GCC_C_LANGUAGE_STANDARD = gnu99;
				GCC_DYNAMIC_NO_PIC = NO;
				GCC_NO_COMMON_BLOCKS = YES;
				GCC_OPTIMIZATION_LEVEL = 0;
				GCC_PREPROCESSOR_DEFINITIONS = (
					"DEBUG=1",
					"$(inherited)",
				);
				GCC_WARN_64_TO_32_BIT_CONVERSION = YES;
				GCC_WARN_ABOUT_RETURN_TYPE = YES_ERROR;
				GCC_WARN_UNDECLARED_SELECTOR = YES;
				GCC_WARN_UNINITIALIZED_AUTOS = YES_AGGRESSIVE;
				GCC_WARN_UNUSED_FUNCTION = YES;
				GCC_WARN_UNUSED_VARIABLE = YES;
				IPHONEOS_DEPLOYMENT_TARGET = 10.2;
				MTL_ENABLE_DEBUG_INFO = YES;
				ONLY_ACTIVE_ARCH = YES;
				SDKROOT = iphoneos;
				SWIFT_ACTIVE_COMPILATION_CONDITIONS = DEBUG;
				SWIFT_OPTIMIZATION_LEVEL = "-Onone";
				TARGETED_DEVICE_FAMILY = "1,2";
			};
			name = Debug;
		};
		78684B3A1E49BDD800E626AF /* Release */ = {
			isa = XCBuildConfiguration;
			buildSettings = {
				ALWAYS_SEARCH_USER_PATHS = NO;
				CLANG_ANALYZER_NONNULL = YES;
				CLANG_CXX_LANGUAGE_STANDARD = "gnu++0x";
				CLANG_CXX_LIBRARY = "libc++";
				CLANG_ENABLE_MODULES = YES;
				CLANG_ENABLE_OBJC_ARC = YES;
				CLANG_WARN_BOOL_CONVERSION = YES;
				CLANG_WARN_CONSTANT_CONVERSION = YES;
				CLANG_WARN_DIRECT_OBJC_ISA_USAGE = YES_ERROR;
				CLANG_WARN_DOCUMENTATION_COMMENTS = YES;
				CLANG_WARN_EMPTY_BODY = YES;
				CLANG_WARN_ENUM_CONVERSION = YES;
				CLANG_WARN_INFINITE_RECURSION = YES;
				CLANG_WARN_INT_CONVERSION = YES;
				CLANG_WARN_OBJC_ROOT_CLASS = YES_ERROR;
				CLANG_WARN_SUSPICIOUS_MOVE = YES;
				CLANG_WARN_UNREACHABLE_CODE = YES;
				CLANG_WARN__DUPLICATE_METHOD_MATCH = YES;
				"CODE_SIGN_IDENTITY[sdk=iphoneos*]" = "iPhone Developer";
				COPY_PHASE_STRIP = NO;
				DEBUG_INFORMATION_FORMAT = "dwarf-with-dsym";
				ENABLE_NS_ASSERTIONS = NO;
				ENABLE_STRICT_OBJC_MSGSEND = YES;
				GCC_C_LANGUAGE_STANDARD = gnu99;
				GCC_NO_COMMON_BLOCKS = YES;
				GCC_WARN_64_TO_32_BIT_CONVERSION = YES;
				GCC_WARN_ABOUT_RETURN_TYPE = YES_ERROR;
				GCC_WARN_UNDECLARED_SELECTOR = YES;
				GCC_WARN_UNINITIALIZED_AUTOS = YES_AGGRESSIVE;
				GCC_WARN_UNUSED_FUNCTION = YES;
				GCC_WARN_UNUSED_VARIABLE = YES;
				IPHONEOS_DEPLOYMENT_TARGET = 10.2;
				MTL_ENABLE_DEBUG_INFO = NO;
				SDKROOT = iphoneos;
				SWIFT_OPTIMIZATION_LEVEL = "-Owholemodule";
				TARGETED_DEVICE_FAMILY = "1,2";
				VALIDATE_PRODUCT = YES;
			};
			name = Release;
		};
		78684B3C1E49BDD800E626AF /* Debug */ = {
			isa = XCBuildConfiguration;
			baseConfigurationReference = CF578028574678AA4A8E109C /* Pods-ChromaTone.debug.xcconfig */;
			buildSettings = {
				ASSETCATALOG_COMPILER_APPICON_NAME = AppIcon;
				DEVELOPMENT_TEAM = F3Q5Y6R7ZH;
				INFOPLIST_FILE = ChromaTone/Info.plist;
				LD_RUNPATH_SEARCH_PATHS = "$(inherited) @executable_path/Frameworks";
				PRODUCT_BUNDLE_IDENTIFIER = com.boostcamp.ChromaTone;
				PRODUCT_NAME = "$(TARGET_NAME)";
				SWIFT_VERSION = 3.0;
			};
			name = Debug;
		};
		78684B3D1E49BDD800E626AF /* Release */ = {
			isa = XCBuildConfiguration;
			baseConfigurationReference = 1A4C64C190FEC4F6590A0FEB /* Pods-ChromaTone.release.xcconfig */;
			buildSettings = {
				ASSETCATALOG_COMPILER_APPICON_NAME = AppIcon;
				DEVELOPMENT_TEAM = F3Q5Y6R7ZH;
				INFOPLIST_FILE = ChromaTone/Info.plist;
				LD_RUNPATH_SEARCH_PATHS = "$(inherited) @executable_path/Frameworks";
				PRODUCT_BUNDLE_IDENTIFIER = com.boostcamp.ChromaTone;
				PRODUCT_NAME = "$(TARGET_NAME)";
				SWIFT_VERSION = 3.0;
			};
			name = Release;
		};
/* End XCBuildConfiguration section */

/* Begin XCConfigurationList section */
		78684B241E49BDD800E626AF /* Build configuration list for PBXProject "ChromaTone" */ = {
			isa = XCConfigurationList;
			buildConfigurations = (
				78684B391E49BDD800E626AF /* Debug */,
				78684B3A1E49BDD800E626AF /* Release */,
			);
			defaultConfigurationIsVisible = 0;
			defaultConfigurationName = Release;
		};
		78684B3B1E49BDD800E626AF /* Build configuration list for PBXNativeTarget "ChromaTone" */ = {
			isa = XCConfigurationList;
			buildConfigurations = (
				78684B3C1E49BDD800E626AF /* Debug */,
				78684B3D1E49BDD800E626AF /* Release */,
			);
			defaultConfigurationIsVisible = 0;
			defaultConfigurationName = Release;
		};
/* End XCConfigurationList section */
	};
	rootObject = 78684B211E49BDD800E626AF /* Project object */;
}
